# Stacks — Book Inventory

A small book inventory manager: title, quantity, optional cover photo, optional
location. Backed by a real database (SQLite) so nothing is lost on refresh,
with a Three.js "shelf view" hero where books are grouped onto shelves by
location, sized by title, and show their own quantity and cover.

## Run it locally

```bash
npm install
npm start
```

Then open http://localhost:3000. Data is stored in `./data/inventory.db`
and uploaded covers in `./data/uploads/` (both git-ignored).

## Deploy on Railway

1. **Push this folder to a GitHub repo** (Railway deploys from Git).
   ```bash
   git init
   git add .
   git commit -m "Initial commit"
   git branch -M main
   git remote add origin <your-repo-url>
   git push -u origin main
   ```

2. **Create the Railway project.**
   - Go to your Railway dashboard → **New Project** → **Deploy from GitHub repo**.
   - Pick this repository. Railway detects Node.js automatically from
     `package.json` and will run `npm install` then `npm start` — no extra
     build config needed.

3. **Add a volume so your data survives deploys.** This is the one step
   people skip and then lose their inventory on the next deploy — Railway's
   default filesystem is ephemeral.
   - Open your service → **Settings** → **Volumes** → **Add Volume**.
   - Set the **mount path** to `/data`.
   - Attach it to this service.

4. **Set one environment variable** so the app writes into that volume.
   - Service → **Variables** → **New Variable**:
     - `DATA_DIR` = `/data`
   - You do **not** need to set `PORT` — Railway injects it automatically and
     `server.js` already reads `process.env.PORT`.

5. **Generate a public domain.**
   - Service → **Settings** → **Networking** → **Generate Domain**.
   - Railway gives you a `*.up.railway.app` URL immediately (you can attach a
     custom domain from the same panel later).

6. **Deploy.** Railway redeploys automatically on every push to `main`. For a
   manual first deploy, use the **Deploy** button in the dashboard, or the CLI:
   ```bash
   npm i -g @railway/cli
   railway login
   railway link      # choose the project you created
   railway up
   ```

That's it — visit the generated domain and your catalog (and the shelf view)
will be live. Every book you add is written to `/data/inventory.db` on the
volume, and cover photos go to `/data/uploads/`, so they persist across
restarts and future deploys.

### Notes
- If you ever outgrow SQLite-on-a-volume (e.g. multiple app instances), swap
  it for Railway's managed Postgres plugin — the `db.prepare(...)` calls in
  `server.js` are isolated to a handful of functions, so migrating is a small,
  contained change.
- Max upload size is 8MB per cover image; adjust `limits.fileSize` in
  `server.js` if you need more.
